
Microsoft Visual Studio Solution File, Format Version 12.00
# Visual Studio Version 16
VisualStudioVersion = 16.0.31911.196
MinimumVisualStudioVersion = 10.0.40219.1
Project("{FAE04EC0-301F-11D3-BF4B-00C04F79EFBC}") = "Build2Evenize", "Build2Evenize\Build2Evenize.csproj", "{5A4E0EC8-9418-4B8E-A282-D7413DC2ED96}"
EndProject
Global
	GlobalSection(SolutionConfigurationPlatforms) = preSolution
		Debug|Any CPU = Debug|Any CPU
		Release|Any CPU = Release|Any CPU
	EndGlobalSection
	GlobalSection(ProjectConfigurationPlatforms) = postSolution
		{5A4E0EC8-9418-4B8E-A282-D7413DC2ED96}.Debug|Any CPU.ActiveCfg = Debug|Any CPU
		{5A4E0EC8-9418-4B8E-A282-D7413DC2ED96}.Debug|Any CPU.Build.0 = Debug|Any CPU
		{5A4E0EC8-9418-4B8E-A282-D7413DC2ED96}.Release|Any CPU.ActiveCfg = Release|Any CPU
		{5A4E0EC8-9418-4B8E-A282-D7413DC2ED96}.Release|Any CPU.Build.0 = Release|Any CPU
	EndGlobalSection
	GlobalSection(SolutionProperties) = preSolution
		HideSolutionNode = FALSE
	EndGlobalSection
	GlobalSection(ExtensibilityGlobals) = postSolution
		SolutionGuid = {83D7560C-19FD-444C-BD02-D5C0BA5D8E36}
	EndGlobalSection
EndGlobal
